
Microsoft Visual Studio Solution File, Format Version 12.00
# Visual Studio Version 16
VisualStudioVersion = 16.0.28516.95
MinimumVisualStudioVersion = 10.0.40219.1
Project("{9A19103F-16F7-4668-BE54-9A1E7A4F7556}") = "Utils", "Utils\MSRC.DPU.Utils.csproj", "{BC10F80B-22D4-4C0B-A038-AD6A75FC42A5}"
EndProject
Project("{9A19103F-16F7-4668-BE54-9A1E7A4F7556}") = "CSharpSourceGraphExtraction", "CSharpSourceGraphExtraction\MSRC.DPU.CSharpSourceGraphExtraction.csproj", "{9929F15D-87C8-4D69-91C1-294B807C05C1}"
EndProject
Global
	GlobalSection(SolutionConfigurationPlatforms) = preSolution
		Debug|Any CPU = Debug|Any CPU
		Debug|x64 = Debug|x64
		Release|Any CPU = Release|Any CPU
		Release|x64 = Release|x64
	EndGlobalSection
	GlobalSection(ProjectConfigurationPlatforms) = postSolution
		{BC10F80B-22D4-4C0B-A038-AD6A75FC42A5}.Debug|Any CPU.ActiveCfg = Debug|Any CPU
		{BC10F80B-22D4-4C0B-A038-AD6A75FC42A5}.Debug|Any CPU.Build.0 = Debug|Any CPU
		{BC10F80B-22D4-4C0B-A038-AD6A75FC42A5}.Debug|x64.ActiveCfg = Debug|Any CPU
		{BC10F80B-22D4-4C0B-A038-AD6A75FC42A5}.Debug|x64.Build.0 = Debug|Any CPU
		{BC10F80B-22D4-4C0B-A038-AD6A75FC42A5}.Release|Any CPU.ActiveCfg = Release|Any CPU
		{BC10F80B-22D4-4C0B-A038-AD6A75FC42A5}.Release|Any CPU.Build.0 = Release|Any CPU
		{BC10F80B-22D4-4C0B-A038-AD6A75FC42A5}.Release|x64.ActiveCfg = Release|Any CPU
		{BC10F80B-22D4-4C0B-A038-AD6A75FC42A5}.Release|x64.Build.0 = Release|Any CPU
		{9929F15D-87C8-4D69-91C1-294B807C05C1}.Debug|Any CPU.ActiveCfg = Debug|Any CPU
		{9929F15D-87C8-4D69-91C1-294B807C05C1}.Debug|Any CPU.Build.0 = Debug|Any CPU
		{9929F15D-87C8-4D69-91C1-294B807C05C1}.Debug|x64.ActiveCfg = Debug|x64
		{9929F15D-87C8-4D69-91C1-294B807C05C1}.Debug|x64.Build.0 = Debug|x64
		{9929F15D-87C8-4D69-91C1-294B807C05C1}.Release|Any CPU.ActiveCfg = Release|Any CPU
		{9929F15D-87C8-4D69-91C1-294B807C05C1}.Release|Any CPU.Build.0 = Release|Any CPU
		{9929F15D-87C8-4D69-91C1-294B807C05C1}.Release|x64.ActiveCfg = Release|x64
		{9929F15D-87C8-4D69-91C1-294B807C05C1}.Release|x64.Build.0 = Release|x64
	EndGlobalSection
	GlobalSection(SolutionProperties) = preSolution
		HideSolutionNode = FALSE
	EndGlobalSection
	GlobalSection(ExtensibilityGlobals) = postSolution
		SolutionGuid = {9582362D-E81A-4511-B17A-0A05956DC8A1}
	EndGlobalSection
EndGlobal
